{
    "name": "node-red-project",
    "version": "0.0.1",
    "lockfileVersion": 2,
    "requires": true,
    "packages": {
        "": {
            "name": "node-red-project",
            "version": "0.0.1",
            "dependencies": {
                "node-red-contrib-reusable-flows": "~1.0.0"
            }
        },
        "node_modules/javascript-interface-library": {
            "version": "1.0.5",
            "resolved": "https://registry.npmjs.org/javascript-interface-library/-/javascript-interface-library-1.0.5.tgz",
            "integrity": "sha512-6gh2816tY6Rl625iQjOROqgm9VAF1RO+dfubklIAsJ0NSXF1OQ+DBA85jqmB+XkbO0OQ839rGgz77nIvyTwBUQ=="
        },
        "node_modules/node-red-contrib-reusable-flows": {
            "version": "1.0.0",
            "resolved": "https://registry.npmjs.org/node-red-contrib-reusable-flows/-/node-red-contrib-reusable-flows-1.0.0.tgz",
            "integrity": "sha512-GcWI5KqZa05uGnlz+Ha+BbflcO7GMCLDwF6K3kRgiGJ2EcfM/nG2svKNMMfhCDoTIOwxLBbV5HhUzQFZ4myj9Q==",
            "dependencies": {
                "javascript-interface-library": "^1.0.0"
            }
        }
    },
    "dependencies": {
        "javascript-interface-library": {
            "version": "1.0.5",
            "resolved": "https://registry.npmjs.org/javascript-interface-library/-/javascript-interface-library-1.0.5.tgz",
            "integrity": "sha512-6gh2816tY6Rl625iQjOROqgm9VAF1RO+dfubklIAsJ0NSXF1OQ+DBA85jqmB+XkbO0OQ839rGgz77nIvyTwBUQ=="
        },
        "node-red-contrib-reusable-flows": {
            "version": "1.0.0",
            "resolved": "https://registry.npmjs.org/node-red-contrib-reusable-flows/-/node-red-contrib-reusable-flows-1.0.0.tgz",
            "integrity": "sha512-GcWI5KqZa05uGnlz+Ha+BbflcO7GMCLDwF6K3kRgiGJ2EcfM/nG2svKNMMfhCDoTIOwxLBbV5HhUzQFZ4myj9Q==",
            "requires": {
                "javascript-interface-library": "^1.0.0"
            }
        }
    }
}
